// !$*UTF8*$!
{
	archiveVersion = 1;
	classes = {
	};
	objectVersion = 56;
	objects = {

/* Begin PBXBuildFile section */
		E90C55412C1B8AC300DD8C92 /* SwiftUIZoomTransitionApp.swift in Sources */ = {isa = PBXBuildFile; fileRef = E90C55402C1B8AC300DD8C92 /* SwiftUIZoomTransitionApp.swift */; };
		E90C55432C1B8AC300DD8C92 /* StockMarketView.swift in Sources */ = {isa = PBXBuildFile; fileRef = E90C55422C1B8AC300DD8C92 /* StockMarketView.swift */; };
		E90C55452C1B8AC400DD8C92 /* Assets.xcassets in Resources */ = {isa = PBXBuildFile; fileRef = E90C55442C1B8AC400DD8C92 /* Assets.xcassets */; };
		E90C55482C1B8AC400DD8C92 /* Preview Assets.xcassets in Resources */ = {isa = PBXBuildFile; fileRef = E90C55472C1B8AC400DD8C92 /* Preview Assets.xcassets */; };
		E995E4032C1CD28A00CFD85A /* StockMarketDetailView.swift in Sources */ = {isa = PBXBuildFile; fileRef = E995E4022C1CD28A00CFD85A /* StockMarketDetailView.swift */; };
		E9B72ADC2C2B58F30052AD87 /* StockRow.swift in Sources */ = {isa = PBXBuildFile; fileRef = E9B72ADB2C2B58EF0052AD87 /* StockRow.swift */; };
		E9B95B1C2C1B8C1D00B9A565 /* StockMarketViewModel.swift in Sources */ = {isa = PBXBuildFile; fileRef = E9B95B1B2C1B8C0100B9A565 /* StockMarketViewModel.swift */; };
		E9B95B202C1B8E4000B9A565 /* Colors.xcassets in Resources */ = {isa = PBXBuildFile; fileRef = E9B95B1F2C1B8E4000B9A565 /* Colors.xcassets */; };
		E9B95B222C1B8F1400B9A565 /* dummy_data.json in Resources */ = {isa = PBXBuildFile; fileRef = E9B95B212C1B8F1400B9A565 /* dummy_data.json */; };
		E9B95B242C1B8F2000B9A565 /* StockMarketModel.swift in Sources */ = {isa = PBXBuildFile; fileRef = E9B95B232C1B8F1C00B9A565 /* StockMarketModel.swift */; };
/* End PBXBuildFile section */

/* Begin PBXFileReference section */
		E90C553D2C1B8AC300DD8C92 /* SwiftUIZoomTransition.app */ = {isa = PBXFileReference; explicitFileType = wrapper.application; includeInIndex = 0; path = SwiftUIZoomTransition.app; sourceTree = BUILT_PRODUCTS_DIR; };
		E90C55402C1B8AC300DD8C92 /* SwiftUIZoomTransitionApp.swift */ = {isa = PBXFileReference; lastKnownFileType = sourcecode.swift; path = SwiftUIZoomTransitionApp.swift; sourceTree = "<group>"; };
		E90C55422C1B8AC300DD8C92 /* StockMarketView.swift */ = {isa = PBXFileReference; lastKnownFileType = sourcecode.swift; path = StockMarketView.swift; sourceTree = "<group>"; };
		E90C55442C1B8AC400DD8C92 /* Assets.xcassets */ = {isa = PBXFileReference; lastKnownFileType = folder.assetcatalog; path = Assets.xcassets; sourceTree = "<group>"; };
		E90C55472C1B8AC400DD8C92 /* Preview Assets.xcassets */ = {isa = PBXFileReference; lastKnownFileType = folder.assetcatalog; path = "Preview Assets.xcassets"; sourceTree = "<group>"; };
		E995E4022C1CD28A00CFD85A /* StockMarketDetailView.swift */ = {isa = PBXFileReference; lastKnownFileType = sourcecode.swift; path = StockMarketDetailView.swift; sourceTree = "<group>"; };
		E9B72ADB2C2B58EF0052AD87 /* StockRow.swift */ = {isa = PBXFileReference; lastKnownFileType = sourcecode.swift; path = StockRow.swift; sourceTree = "<group>"; };
		E9B95B1B2C1B8C0100B9A565 /* StockMarketViewModel.swift */ = {isa = PBXFileReference; lastKnownFileType = sourcecode.swift; path = StockMarketViewModel.swift; sourceTree = "<group>"; };
		E9B95B1F2C1B8E4000B9A565 /* Colors.xcassets */ = {isa = PBXFileReference; lastKnownFileType = folder.assetcatalog; path = Colors.xcassets; sourceTree = "<group>"; };
		E9B95B212C1B8F1400B9A565 /* dummy_data.json */ = {isa = PBXFileReference; lastKnownFileType = text.json; path = dummy_data.json; sourceTree = "<group>"; };
		E9B95B232C1B8F1C00B9A565 /* StockMarketModel.swift */ = {isa = PBXFileReference; lastKnownFileType = sourcecode.swift; path = StockMarketModel.swift; sourceTree = "<group>"; };
/* End PBXFileReference section */

/* Begin PBXFrameworksBuildPhase section */
		E90C553A2C1B8AC300DD8C92 /* Frameworks */ = {
			isa = PBXFrameworksBuildPhase;
			buildActionMask = 2147483647;
			files = (
			);
			runOnlyForDeploymentPostprocessing = 0;
		};
/* End PBXFrameworksBuildPhase section */

/* Begin PBXGroup section */
		E90C55342C1B8AC300DD8C92 = {
			isa = PBXGroup;
			children = (
				E90C553F2C1B8AC300DD8C92 /* SwiftUIZoomTransition */,
				E90C553E2C1B8AC300DD8C92 /* Products */,
			);
			sourceTree = "<group>";
		};
		E90C553E2C1B8AC300DD8C92 /* Products */ = {
			isa = PBXGroup;
			children = (
				E90C553D2C1B8AC300DD8C92 /* SwiftUIZoomTransition.app */,
			);
			name = Products;
			sourceTree = "<group>";
		};
		E90C553F2C1B8AC300DD8C92 /* SwiftUIZoomTransition */ = {
			isa = PBXGroup;
			children = (
				E9B95B192C1B8BE800B9A565 /* Scene */,
				E9B95B1A2C1B8BF100B9A565 /* Model */,
				E9B95B1E2C1B8E2A00B9A565 /* Resource */,
				E90C55402C1B8AC300DD8C92 /* SwiftUIZoomTransitionApp.swift */,
				E90C55462C1B8AC400DD8C92 /* Preview Content */,
			);
			path = SwiftUIZoomTransition;
			sourceTree = "<group>";
		};
		E90C55462C1B8AC400DD8C92 /* Preview Content */ = {
			isa = PBXGroup;
			children = (
				E90C55472C1B8AC400DD8C92 /* Preview Assets.xcassets */,
			);
			path = "Preview Content";
			sourceTree = "<group>";
		};
		E995E4012C1CD26800CFD85A /* StockMarketDetail */ = {
			isa = PBXGroup;
			children = (
				E995E4022C1CD28A00CFD85A /* StockMarketDetailView.swift */,
			);
			path = StockMarketDetail;
			sourceTree = "<group>";
		};
		E9B95B192C1B8BE800B9A565 /* Scene */ = {
			isa = PBXGroup;
			children = (
				E995E4012C1CD26800CFD85A /* StockMarketDetail */,
				E9B95B1D2C1B8C3A00B9A565 /* StockMarket */,
			);
			path = Scene;
			sourceTree = "<group>";
		};
		E9B95B1A2C1B8BF100B9A565 /* Model */ = {
			isa = PBXGroup;
			children = (
				E9B95B232C1B8F1C00B9A565 /* StockMarketModel.swift */,
			);
			path = Model;
			sourceTree = "<group>";
		};
		E9B95B1D2C1B8C3A00B9A565 /* StockMarket */ = {
			isa = PBXGroup;
			children = (
				E9B72ADB2C2B58EF0052AD87 /* StockRow.swift */,
				E9B95B1B2C1B8C0100B9A565 /* StockMarketViewModel.swift */,
				E90C55422C1B8AC300DD8C92 /* StockMarketView.swift */,
			);
			path = StockMarket;
			sourceTree = "<group>";
		};
		E9B95B1E2C1B8E2A00B9A565 /* Resource */ = {
			isa = PBXGroup;
			children = (
				E90C55442C1B8AC400DD8C92 /* Assets.xcassets */,
				E9B95B1F2C1B8E4000B9A565 /* Colors.xcassets */,
				E9B95B212C1B8F1400B9A565 /* dummy_data.json */,
			);
			path = Resource;
			sourceTree = "<group>";
		};
/* End PBXGroup section */

/* Begin PBXNativeTarget section */
		E90C553C2C1B8AC300DD8C92 /* SwiftUIZoomTransition */ = {
			isa = PBXNativeTarget;
			buildConfigurationList = E90C554B2C1B8AC400DD8C92 /* Build configuration list for PBXNativeTarget "SwiftUIZoomTransition" */;
			buildPhases = (
				E90C55392C1B8AC300DD8C92 /* Sources */,
				E90C553A2C1B8AC300DD8C92 /* Frameworks */,
				E90C553B2C1B8AC300DD8C92 /* Resources */,
			);
			buildRules = (
			);
			dependencies = (
			);
			name = SwiftUIZoomTransition;
			productName = SwiftUIZoomTransition;
			productReference = E90C553D2C1B8AC300DD8C92 /* SwiftUIZoomTransition.app */;
			productType = "com.apple.product-type.application";
		};
/* End PBXNativeTarget section */

/* Begin PBXProject section */
		E90C55352C1B8AC300DD8C92 /* Project object */ = {
			isa = PBXProject;
			attributes = {
				BuildIndependentTargetsInParallel = 1;
				LastSwiftUpdateCheck = 1540;
				LastUpgradeCheck = 1540;
				TargetAttributes = {
					E90C553C2C1B8AC300DD8C92 = {
						CreatedOnToolsVersion = 15.4;
					};
				};
			};
			buildConfigurationList = E90C55382C1B8AC300DD8C92 /* Build configuration list for PBXProject "SwiftUIZoomTransition" */;
			compatibilityVersion = "Xcode 14.0";
			developmentRegion = en;
			hasScannedForEncodings = 0;
			knownRegions = (
				en,
				Base,
			);
			mainGroup = E90C55342C1B8AC300DD8C92;
			productRefGroup = E90C553E2C1B8AC300DD8C92 /* Products */;
			projectDirPath = "";
			projectRoot = "";
			targets = (
				E90C553C2C1B8AC300DD8C92 /* SwiftUIZoomTransition */,
			);
		};
/* End PBXProject section */

/* Begin PBXResourcesBuildPhase section */
		E90C553B2C1B8AC300DD8C92 /* Resources */ = {
			isa = PBXResourcesBuildPhase;
			buildActionMask = 2147483647;
			files = (
				E9B95B222C1B8F1400B9A565 /* dummy_data.json in Resources */,
				E9B95B202C1B8E4000B9A565 /* Colors.xcassets in Resources */,
				E90C55482C1B8AC400DD8C92 /* Preview Assets.xcassets in Resources */,
				E90C55452C1B8AC400DD8C92 /* Assets.xcassets in Resources */,
			);
			runOnlyForDeploymentPostprocessing = 0;
		};
/* End PBXResourcesBuildPhase section */

/* Begin PBXSourcesBuildPhase section */
		E90C55392C1B8AC300DD8C92 /* Sources */ = {
			isa = PBXSourcesBuildPhase;
			buildActionMask = 2147483647;
			files = (
				E9B95B1C2C1B8C1D00B9A565 /* StockMarketViewModel.swift in Sources */,
				E995E4032C1CD28A00CFD85A /* StockMarketDetailView.swift in Sources */,
				E90C55432C1B8AC300DD8C92 /* StockMarketView.swift in Sources */,
				E9B72ADC2C2B58F30052AD87 /* StockRow.swift in Sources */,
				E9B95B242C1B8F2000B9A565 /* StockMarketModel.swift in Sources */,
				E90C55412C1B8AC300DD8C92 /* SwiftUIZoomTransitionApp.swift in Sources */,
			);
			runOnlyForDeploymentPostprocessing = 0;
		};
/* End PBXSourcesBuildPhase section */

/* Begin XCBuildConfiguration section */
		E90C55492C1B8AC400DD8C92 /* Debug */ = {
			isa = XCBuildConfiguration;
			buildSettings = {
				ALWAYS_SEARCH_USER_PATHS = NO;
				ASSETCATALOG_COMPILER_GENERATE_SWIFT_ASSET_SYMBOL_EXTENSIONS = YES;
				CLANG_ANALYZER_NONNULL = YES;
				CLANG_ANALYZER_NUMBER_OBJECT_CONVERSION = YES_AGGRESSIVE;
				CLANG_CXX_LANGUAGE_STANDARD = "gnu++20";
				CLANG_ENABLE_MODULES = YES;
				CLANG_ENABLE_OBJC_ARC = YES;
				CLANG_ENABLE_OBJC_WEAK = YES;
				CLANG_WARN_BLOCK_CAPTURE_AUTORELEASING = YES;
				CLANG_WARN_BOOL_CONVERSION = YES;
				CLANG_WARN_COMMA = YES;
				CLANG_WARN_CONSTANT_CONVERSION = YES;
				CLANG_WARN_DEPRECATED_OBJC_IMPLEMENTATIONS = YES;
				CLANG_WARN_DIRECT_OBJC_ISA_USAGE = YES_ERROR;
				CLANG_WARN_DOCUMENTATION_COMMENTS = YES;
				CLANG_WARN_EMPTY_BODY = YES;
				CLANG_WARN_ENUM_CONVERSION = YES;
				CLANG_WARN_INFINITE_RECURSION = YES;
				CLANG_WARN_INT_CONVERSION = YES;
				CLANG_WARN_NON_LITERAL_NULL_CONVERSION = YES;
				CLANG_WARN_OBJC_IMPLICIT_RETAIN_SELF = YES;
				CLANG_WARN_OBJC_LITERAL_CONVERSION = YES;
				CLANG_WARN_OBJC_ROOT_CLASS = YES_ERROR;
				CLANG_WARN_QUOTED_INCLUDE_IN_FRAMEWORK_HEADER = YES;
				CLANG_WARN_RANGE_LOOP_ANALYSIS = YES;
				CLANG_WARN_STRICT_PROTOTYPES = YES;
				CLANG_WARN_SUSPICIOUS_MOVE = YES;
				CLANG_WARN_UNGUARDED_AVAILABILITY = YES_AGGRESSIVE;
				CLANG_WARN_UNREACHABLE_CODE = YES;
				CLANG_WARN__DUPLICATE_METHOD_MATCH = YES;
				COPY_PHASE_STRIP = NO;
				DEBUG_INFORMATION_FORMAT = dwarf;
				ENABLE_STRICT_OBJC_MSGSEND = YES;
				ENABLE_TESTABILITY = YES;
				ENABLE_USER_SCRIPT_SANDBOXING = YES;
				GCC_C_LANGUAGE_STANDARD = gnu17;
				GCC_DYNAMIC_NO_PIC = NO;
				GCC_NO_COMMON_BLOCKS = YES;
				GCC_OPTIMIZATION_LEVEL = 0;
				GCC_PREPROCESSOR_DEFINITIONS = (
					"DEBUG=1",
					"$(inherited)",
				);
				GCC_WARN_64_TO_32_BIT_CONVERSION = YES;
				GCC_WARN_ABOUT_RETURN_TYPE = YES_ERROR;
				GCC_WARN_UNDECLARED_SELECTOR = YES;
				GCC_WARN_UNINITIALIZED_AUTOS = YES_AGGRESSIVE;
				GCC_WARN_UNUSED_FUNCTION = YES;
				GCC_WARN_UNUSED_VARIABLE = YES;
				IPHONEOS_DEPLOYMENT_TARGET = 17.5;
				LOCALIZATION_PREFERS_STRING_CATALOGS = YES;
				MTL_ENABLE_DEBUG_INFO = INCLUDE_SOURCE;
				MTL_FAST_MATH = YES;
				ONLY_ACTIVE_ARCH = YES;
				SDKROOT = iphoneos;
				SWIFT_ACTIVE_COMPILATION_CONDITIONS = "DEBUG $(inherited)";
				SWIFT_OPTIMIZATION_LEVEL = "-Onone";
			};
			name = Debug;
		};
		E90C554A2C1B8AC400DD8C92 /* Release */ = {
			isa = XCBuildConfiguration;
			buildSettings = {
				ALWAYS_SEARCH_USER_PATHS = NO;
				ASSETCATALOG_COMPILER_GENERATE_SWIFT_ASSET_SYMBOL_EXTENSIONS = YES;
				CLANG_ANALYZER_NONNULL = YES;
				CLANG_ANALYZER_NUMBER_OBJECT_CONVERSION = YES_AGGRESSIVE;
				CLANG_CXX_LANGUAGE_STANDARD = "gnu++20";
				CLANG_ENABLE_MODULES = YES;
				CLANG_ENABLE_OBJC_ARC = YES;
				CLANG_ENABLE_OBJC_WEAK = YES;
				CLANG_WARN_BLOCK_CAPTURE_AUTORELEASING = YES;
				CLANG_WARN_BOOL_CONVERSION = YES;
				CLANG_WARN_COMMA = YES;
				CLANG_WARN_CONSTANT_CONVERSION = YES;
				CLANG_WARN_DEPRECATED_OBJC_IMPLEMENTATIONS = YES;
				CLANG_WARN_DIRECT_OBJC_ISA_USAGE = YES_ERROR;
				CLANG_WARN_DOCUMENTATION_COMMENTS = YES;
				CLANG_WARN_EMPTY_BODY = YES;
				CLANG_WARN_ENUM_CONVERSION = YES;
				CLANG_WARN_INFINITE_RECURSION = YES;
				CLANG_WARN_INT_CONVERSION = YES;
				CLANG_WARN_NON_LITERAL_NULL_CONVERSION = YES;
				CLANG_WARN_OBJC_IMPLICIT_RETAIN_SELF = YES;
				CLANG_WARN_OBJC_LITERAL_CONVERSION = YES;
				CLANG_WARN_OBJC_ROOT_CLASS = YES_ERROR;
				CLANG_WARN_QUOTED_INCLUDE_IN_FRAMEWORK_HEADER = YES;
				CLANG_WARN_RANGE_LOOP_ANALYSIS = YES;
				CLANG_WARN_STRICT_PROTOTYPES = YES;
				CLANG_WARN_SUSPICIOUS_MOVE = YES;
				CLANG_WARN_UNGUARDED_AVAILABILITY = YES_AGGRESSIVE;
				CLANG_WARN_UNREACHABLE_CODE = YES;
				CLANG_WARN__DUPLICATE_METHOD_MATCH = YES;
				COPY_PHASE_STRIP = NO;
				DEBUG_INFORMATION_FORMAT = "dwarf-with-dsym";
				ENABLE_NS_ASSERTIONS = NO;
				ENABLE_STRICT_OBJC_MSGSEND = YES;
				ENABLE_USER_SCRIPT_SANDBOXING = YES;
				GCC_C_LANGUAGE_STANDARD = gnu17;
				GCC_NO_COMMON_BLOCKS = YES;
				GCC_WARN_64_TO_32_BIT_CONVERSION = YES;
				GCC_WARN_ABOUT_RETURN_TYPE = YES_ERROR;
				GCC_WARN_UNDECLARED_SELECTOR = YES;
				GCC_WARN_UNINITIALIZED_AUTOS = YES_AGGRESSIVE;
				GCC_WARN_UNUSED_FUNCTION = YES;
				GCC_WARN_UNUSED_VARIABLE = YES;
				IPHONEOS_DEPLOYMENT_TARGET = 17.5;
				LOCALIZATION_PREFERS_STRING_CATALOGS = YES;
				MTL_ENABLE_DEBUG_INFO = NO;
				MTL_FAST_MATH = YES;
				SDKROOT = iphoneos;
				SWIFT_COMPILATION_MODE = wholemodule;
				VALIDATE_PRODUCT = YES;
			};
			name = Release;
		};
		E90C554C2C1B8AC400DD8C92 /* Debug */ = {
			isa = XCBuildConfiguration;
			buildSettings = {
				ASSETCATALOG_COMPILER_APPICON_NAME = AppIcon;
				ASSETCATALOG_COMPILER_GLOBAL_ACCENT_COLOR_NAME = AccentColor;
				CODE_SIGN_STYLE = Automatic;
				CURRENT_PROJECT_VERSION = 1;
				DEVELOPMENT_ASSET_PATHS = "\"SwiftUIZoomTransition/Preview Content\"";
				DEVELOPMENT_TEAM = 8F8TZUV25Z;
				ENABLE_PREVIEWS = YES;
				GENERATE_INFOPLIST_FILE = YES;
				INFOPLIST_KEY_UIApplicationSceneManifest_Generation = YES;
				INFOPLIST_KEY_UIApplicationSupportsIndirectInputEvents = YES;
				INFOPLIST_KEY_UILaunchScreen_Generation = YES;
				INFOPLIST_KEY_UISupportedInterfaceOrientations_iPad = "UIInterfaceOrientationPortrait UIInterfaceOrientationPortraitUpsideDown UIInterfaceOrientationLandscapeLeft UIInterfaceOrientationLandscapeRight";
				INFOPLIST_KEY_UISupportedInterfaceOrientations_iPhone = "UIInterfaceOrientationPortrait UIInterfaceOrientationLandscapeLeft UIInterfaceOrientationLandscapeRight";
				IPHONEOS_DEPLOYMENT_TARGET = 18.0;
				LD_RUNPATH_SEARCH_PATHS = (
					"$(inherited)",
					"@executable_path/Frameworks",
				);
				MARKETING_VERSION = 1.0;
				PRODUCT_BUNDLE_IDENTIFIER = com.zoom.transition;
				PRODUCT_NAME = "$(TARGET_NAME)";
				SWIFT_EMIT_LOC_STRINGS = YES;
				SWIFT_VERSION = 5.0;
				TARGETED_DEVICE_FAMILY = "1,2";
			};
			name = Debug;
		};
		E90C554D2C1B8AC400DD8C92 /* Release */ = {
			isa = XCBuildConfiguration;
			buildSettings = {
				ASSETCATALOG_COMPILER_APPICON_NAME = AppIcon;
				ASSETCATALOG_COMPILER_GLOBAL_ACCENT_COLOR_NAME = AccentColor;
				CODE_SIGN_STYLE = Automatic;
				CURRENT_PROJECT_VERSION = 1;
				DEVELOPMENT_ASSET_PATHS = "\"SwiftUIZoomTransition/Preview Content\"";
				DEVELOPMENT_TEAM = 8F8TZUV25Z;
				ENABLE_PREVIEWS = YES;
				GENERATE_INFOPLIST_FILE = YES;
				INFOPLIST_KEY_UIApplicationSceneManifest_Generation = YES;
				INFOPLIST_KEY_UIApplicationSupportsIndirectInputEvents = YES;
				INFOPLIST_KEY_UILaunchScreen_Generation = YES;
				INFOPLIST_KEY_UISupportedInterfaceOrientations_iPad = "UIInterfaceOrientationPortrait UIInterfaceOrientationPortraitUpsideDown UIInterfaceOrientationLandscapeLeft UIInterfaceOrientationLandscapeRight";
				INFOPLIST_KEY_UISupportedInterfaceOrientations_iPhone = "UIInterfaceOrientationPortrait UIInterfaceOrientationLandscapeLeft UIInterfaceOrientationLandscapeRight";
				IPHONEOS_DEPLOYMENT_TARGET = 18.0;
				LD_RUNPATH_SEARCH_PATHS = (
					"$(inherited)",
					"@executable_path/Frameworks",
				);
				MARKETING_VERSION = 1.0;
				PRODUCT_BUNDLE_IDENTIFIER = com.zoom.transition;
				PRODUCT_NAME = "$(TARGET_NAME)";
				SWIFT_EMIT_LOC_STRINGS = YES;
				SWIFT_VERSION = 5.0;
				TARGETED_DEVICE_FAMILY = "1,2";
			};
			name = Release;
		};
/* End XCBuildConfiguration section */

/* Begin XCConfigurationList section */
		E90C55382C1B8AC300DD8C92 /* Build configuration list for PBXProject "SwiftUIZoomTransition" */ = {
			isa = XCConfigurationList;
			buildConfigurations = (
				E90C55492C1B8AC400DD8C92 /* Debug */,
				E90C554A2C1B8AC400DD8C92 /* Release */,
			);
			defaultConfigurationIsVisible = 0;
			defaultConfigurationName = Release;
		};
		E90C554B2C1B8AC400DD8C92 /* Build configuration list for PBXNativeTarget "SwiftUIZoomTransition" */ = {
			isa = XCConfigurationList;
			buildConfigurations = (
				E90C554C2C1B8AC400DD8C92 /* Debug */,
				E90C554D2C1B8AC400DD8C92 /* Release */,
			);
			defaultConfigurationIsVisible = 0;
			defaultConfigurationName = Release;
		};
/* End XCConfigurationList section */
	};
	rootObject = E90C55352C1B8AC300DD8C92 /* Project object */;
}
